
Microsoft Visual Studio Solution File, Format Version 12.00
# Visual Studio Version 17
VisualStudioVersion = 17.8.34408.163
MinimumVisualStudioVersion = 10.0.40219.1
Project("{FAE04EC0-301F-11D3-BF4B-00C04F79EFBC}") = "StockManager", "StockManager\StockManager.csproj", "{16867398-FFAB-4A94-8452-DE34E08BCE34}"
EndProject
Global
	GlobalSection(SolutionConfigurationPlatforms) = preSolution
		Debug|Any CPU = Debug|Any CPU
		Release|Any CPU = Release|Any CPU
	EndGlobalSection
	GlobalSection(ProjectConfigurationPlatforms) = postSolution
		{16867398-FFAB-4A94-8452-DE34E08BCE34}.Debug|Any CPU.ActiveCfg = Debug|Any CPU
		{16867398-FFAB-4A94-8452-DE34E08BCE34}.Debug|Any CPU.Build.0 = Debug|Any CPU
		{16867398-FFAB-4A94-8452-DE34E08BCE34}.Release|Any CPU.ActiveCfg = Release|Any CPU
		{16867398-FFAB-4A94-8452-DE34E08BCE34}.Release|Any CPU.Build.0 = Release|Any CPU
	EndGlobalSection
	GlobalSection(SolutionProperties) = preSolution
		HideSolutionNode = FALSE
	EndGlobalSection
	GlobalSection(ExtensibilityGlobals) = postSolution
		SolutionGuid = {5ED55919-CD78-482B-8287-7DED1FA84BD9}
	EndGlobalSection
EndGlobal
